{
  "name": "twilight-core-explorer",
  "version": "0.0.0",
  "lockfileVersion": 3,
  "requires": true,
  "packages": {
    "": {
      "name": "twilight-core-explorer",
      "version": "0.0.0",
      "workspaces": [
        "apps/*",
        "packages/*"
      ],
      "engines": {
        "node": ">=18.0.0"
      }
    },
    "node_modules/@twilight-explorer/chain-client": {
      "resolved": "packages/chain-client",
      "link": true
    },
    "node_modules/@twilight-explorer/config": {
      "resolved": "packages/config",
      "link": true
    },
    "packages/chain-client": {
      "name": "@twilight-explorer/chain-client",
      "version": "0.0.0"
    },
    "packages/config": {
      "name": "@twilight-explorer/config",
      "version": "0.0.0"
    }
  }
}
